dependencies:
- name: priobike-privacy-policy-service
  repository: https://priobike.github.io/priobike-helm-charts
  version: 0.4.0
- name: priobike-mqtt
  repository: https://priobike.github.io/priobike-helm-charts
  version: 0.4.0
- name: priobike-mqtt-authenticator
  repository: https://priobike.github.io/priobike-helm-charts
  version: 0.3.0
digest: sha256:744bc8ef81e28a2698fe58b5ba1e93adbda88ed4fbc2d638a6aad7414da96d34
generated: "2024-09-27T14:11:12.246542+02:00"
